// !$*UTF8*$!
{
	archiveVersion = 1;
	classes = {
	};
	objectVersion = 48;
	objects = {

/* Begin PBXBuildFile section */
		824DAA9C1F886A520089E217 /* AppDelegate.swift in Sources */ = {isa = PBXBuildFile; fileRef = 824DAA9B1F886A520089E217 /* AppDelegate.swift */; };
		824DAA9E1F886A520089E217 /* ViewController.swift in Sources */ = {isa = PBXBuildFile; fileRef = 824DAA9D1F886A520089E217 /* ViewController.swift */; };
		824DAAA11F886A520089E217 /* Main.storyboard in Resources */ = {isa = PBXBuildFile; fileRef = 824DAA9F1F886A520089E217 /* Main.storyboard */; };
		824DAAA31F886A520089E217 /* Assets.xcassets in Resources */ = {isa = PBXBuildFile; fileRef = 824DAAA21F886A520089E217 /* Assets.xcassets */; };
		824DAAA61F886A520089E217 /* LaunchScreen.storyboard in Resources */ = {isa = PBXBuildFile; fileRef = 824DAAA41F886A520089E217 /* LaunchScreen.storyboard */; };
		824DAABF1F8905260089E217 /* PersistanceManager.swift in Sources */ = {isa = PBXBuildFile; fileRef = 824DAABE1F8905260089E217 /* PersistanceManager.swift */; };
/* End PBXBuildFile section */

/* Begin PBXFileReference section */
		824DAA981F886A520089E217 /* UploadPersistanceManager.app */ = {isa = PBXFileReference; explicitFileType = wrapper.application; includeInIndex = 0; path = UploadPersistanceManager.app; sourceTree = BUILT_PRODUCTS_DIR; };
		824DAA9B1F886A520089E217 /* AppDelegate.swift */ = {isa = PBXFileReference; lastKnownFileType = sourcecode.swift; path = AppDelegate.swift; sourceTree = "<group>"; };
		824DAA9D1F886A520089E217 /* ViewController.swift */ = {isa = PBXFileReference; lastKnownFileType = sourcecode.swift; path = ViewController.swift; sourceTree = "<group>"; };
		824DAAA01F886A520089E217 /* Base */ = {isa = PBXFileReference; lastKnownFileType = file.storyboard; name = Base; path = Base.lproj/Main.storyboard; sourceTree = "<group>"; };
		824DAAA21F886A520089E217 /* Assets.xcassets */ = {isa = PBXFileReference; lastKnownFileType = folder.assetcatalog; path = Assets.xcassets; sourceTree = "<group>"; };
		824DAAA51F886A520089E217 /* Base */ = {isa = PBXFileReference; lastKnownFileType = file.storyboard; name = Base; path = Base.lproj/LaunchScreen.storyboard; sourceTree = "<group>"; };
		824DAAA71F886A520089E217 /* Info.plist */ = {isa = PBXFileReference; lastKnownFileType = text.plist.xml; path = Info.plist; sourceTree = "<group>"; };
		824DAABE1F8905260089E217 /* PersistanceManager.swift */ = {isa = PBXFileReference; lastKnownFileType = sourcecode.swift; path = PersistanceManager.swift; sourceTree = "<group>"; };
/* End PBXFileReference section */

/* Begin PBXFrameworksBuildPhase section */
		824DAA951F886A520089E217 /* Frameworks */ = {
			isa = PBXFrameworksBuildPhase;
			buildActionMask = 2147483647;
			files = (
			);
			runOnlyForDeploymentPostprocessing = 0;
		};
/* End PBXFrameworksBuildPhase section */

/* Begin PBXGroup section */
		824DAA8F1F886A520089E217 = {
			isa = PBXGroup;
			children = (
				824DAA9A1F886A520089E217 /* UploadPersistanceManager */,
				824DAA991F886A520089E217 /* Products */,
			);
			sourceTree = "<group>";
		};
		824DAA991F886A520089E217 /* Products */ = {
			isa = PBXGroup;
			children = (
				824DAA981F886A520089E217 /* UploadPersistanceManager.app */,
			);
			name = Products;
			sourceTree = "<group>";
		};
		824DAA9A1F886A520089E217 /* UploadPersistanceManager */ = {
			isa = PBXGroup;
			children = (
				824DAAB71F8902910089E217 /* PersitanceManager */,
				824DAAAF1F886A850089E217 /* User Interface */,
				824DAAAE1F886A750089E217 /* Controllers */,
				824DAAAD1F886A640089E217 /* Root */,
				824DAAA21F886A520089E217 /* Assets.xcassets */,
				824DAAA71F886A520089E217 /* Info.plist */,
			);
			path = UploadPersistanceManager;
			sourceTree = "<group>";
		};
		824DAAAD1F886A640089E217 /* Root */ = {
			isa = PBXGroup;
			children = (
				824DAA9B1F886A520089E217 /* AppDelegate.swift */,
			);
			path = Root;
			sourceTree = "<group>";
		};
		824DAAAE1F886A750089E217 /* Controllers */ = {
			isa = PBXGroup;
			children = (
				824DAA9D1F886A520089E217 /* ViewController.swift */,
			);
			path = Controllers;
			sourceTree = "<group>";
		};
		824DAAAF1F886A850089E217 /* User Interface */ = {
			isa = PBXGroup;
			children = (
				824DAA9F1F886A520089E217 /* Main.storyboard */,
				824DAAA41F886A520089E217 /* LaunchScreen.storyboard */,
			);
			path = "User Interface";
			sourceTree = "<group>";
		};
		824DAAB71F8902910089E217 /* PersitanceManager */ = {
			isa = PBXGroup;
			children = (
				824DAABE1F8905260089E217 /* PersistanceManager.swift */,
			);
			path = PersitanceManager;
			sourceTree = "<group>";
		};
/* End PBXGroup section */

/* Begin PBXNativeTarget section */
		824DAA971F886A520089E217 /* UploadPersistanceManager */ = {
			isa = PBXNativeTarget;
			buildConfigurationList = 824DAAAA1F886A520089E217 /* Build configuration list for PBXNativeTarget "UploadPersistanceManager" */;
			buildPhases = (
				824DAA941F886A520089E217 /* Sources */,
				824DAA951F886A520089E217 /* Frameworks */,
				824DAA961F886A520089E217 /* Resources */,
			);
			buildRules = (
			);
			dependencies = (
			);
			name = UploadPersistanceManager;
			productName = UploadPersistanceManager;
			productReference = 824DAA981F886A520089E217 /* UploadPersistanceManager.app */;
			productType = "com.apple.product-type.application";
		};
/* End PBXNativeTarget section */

/* Begin PBXProject section */
		824DAA901F886A520089E217 /* Project object */ = {
			isa = PBXProject;
			attributes = {
				LastSwiftUpdateCheck = 0900;
				LastUpgradeCheck = 0900;
				ORGANIZATIONNAME = MAS;
				TargetAttributes = {
					824DAA971F886A520089E217 = {
						CreatedOnToolsVersion = 9.0;
						ProvisioningStyle = Automatic;
					};
				};
			};
			buildConfigurationList = 824DAA931F886A520089E217 /* Build configuration list for PBXProject "UploadPersistanceManager" */;
			compatibilityVersion = "Xcode 8.0";
			developmentRegion = en;
			hasScannedForEncodings = 0;
			knownRegions = (
				en,
				Base,
			);
			mainGroup = 824DAA8F1F886A520089E217;
			productRefGroup = 824DAA991F886A520089E217 /* Products */;
			projectDirPath = "";
			projectRoot = "";
			targets = (
				824DAA971F886A520089E217 /* UploadPersistanceManager */,
			);
		};
/* End PBXProject section */

/* Begin PBXResourcesBuildPhase section */
		824DAA961F886A520089E217 /* Resources */ = {
			isa = PBXResourcesBuildPhase;
			buildActionMask = 2147483647;
			files = (
				824DAAA61F886A520089E217 /* LaunchScreen.storyboard in Resources */,
				824DAAA31F886A520089E217 /* Assets.xcassets in Resources */,
				824DAAA11F886A520089E217 /* Main.storyboard in Resources */,
			);
			runOnlyForDeploymentPostprocessing = 0;
		};
/* End PBXResourcesBuildPhase section */

/* Begin PBXSourcesBuildPhase section */
		824DAA941F886A520089E217 /* Sources */ = {
			isa = PBXSourcesBuildPhase;
			buildActionMask = 2147483647;
			files = (
				824DAA9E1F886A520089E217 /* ViewController.swift in Sources */,
				824DAA9C1F886A520089E217 /* AppDelegate.swift in Sources */,
				824DAABF1F8905260089E217 /* PersistanceManager.swift in Sources */,
			);
			runOnlyForDeploymentPostprocessing = 0;
		};
/* End PBXSourcesBuildPhase section */

/* Begin PBXVariantGroup section */
		824DAA9F1F886A520089E217 /* Main.storyboard */ = {
			isa = PBXVariantGroup;
			children = (
				824DAAA01F886A520089E217 /* Base */,
			);
			name = Main.storyboard;
			sourceTree = "<group>";
		};
		824DAAA41F886A520089E217 /* LaunchScreen.storyboard */ = {
			isa = PBXVariantGroup;
			children = (
				824DAAA51F886A520089E217 /* Base */,
			);
			name = LaunchScreen.storyboard;
			sourceTree = "<group>";
		};
/* End PBXVariantGroup section */

/* Begin XCBuildConfiguration section */
		824DAAA81F886A520089E217 /* Debug */ = {
			isa = XCBuildConfiguration;
			buildSettings = {
				ALWAYS_SEARCH_USER_PATHS = NO;
				CLANG_ANALYZER_NONNULL = YES;
				CLANG_ANALYZER_NUMBER_OBJECT_CONVERSION = YES_AGGRESSIVE;
				CLANG_CXX_LANGUAGE_STANDARD = "gnu++14";
				CLANG_CXX_LIBRARY = "libc++";
				CLANG_ENABLE_MODULES = YES;
				CLANG_ENABLE_OBJC_ARC = YES;
				CLANG_WARN_BLOCK_CAPTURE_AUTORELEASING = YES;
				CLANG_WARN_BOOL_CONVERSION = YES;
				CLANG_WARN_COMMA = YES;
				CLANG_WARN_CONSTANT_CONVERSION = YES;
				CLANG_WARN_DIRECT_OBJC_ISA_USAGE = YES_ERROR;
				CLANG_WARN_DOCUMENTATION_COMMENTS = YES;
				CLANG_WARN_EMPTY_BODY = YES;
				CLANG_WARN_ENUM_CONVERSION = YES;
				CLANG_WARN_INFINITE_RECURSION = YES;
				CLANG_WARN_INT_CONVERSION = YES;
				CLANG_WARN_NON_LITERAL_NULL_CONVERSION = YES;
				CLANG_WARN_OBJC_LITERAL_CONVERSION = YES;
				CLANG_WARN_OBJC_ROOT_CLASS = YES_ERROR;
				CLANG_WARN_RANGE_LOOP_ANALYSIS = YES;
				CLANG_WARN_STRICT_PROTOTYPES = YES;
				CLANG_WARN_SUSPICIOUS_MOVE = YES;
				CLANG_WARN_UNGUARDED_AVAILABILITY = YES_AGGRESSIVE;
				CLANG_WARN_UNREACHABLE_CODE = YES;
				CLANG_WARN__DUPLICATE_METHOD_MATCH = YES;
				CODE_SIGN_IDENTITY = "iPhone Developer";
				COPY_PHASE_STRIP = NO;
				DEBUG_INFORMATION_FORMAT = dwarf;
				ENABLE_STRICT_OBJC_MSGSEND = YES;
				ENABLE_TESTABILITY = YES;
				GCC_C_LANGUAGE_STANDARD = gnu11;
				GCC_DYNAMIC_NO_PIC = NO;
				GCC_NO_COMMON_BLOCKS = YES;
				GCC_OPTIMIZATION_LEVEL = 0;
				GCC_PREPROCESSOR_DEFINITIONS = (
					"DEBUG=1",
					"$(inherited)",
				);
				GCC_WARN_64_TO_32_BIT_CONVERSION = YES;
				GCC_WARN_ABOUT_RETURN_TYPE = YES_ERROR;
				GCC_WARN_UNDECLARED_SELECTOR = YES;
				GCC_WARN_UNINITIALIZED_AUTOS = YES_AGGRESSIVE;
				GCC_WARN_UNUSED_FUNCTION = YES;
				GCC_WARN_UNUSED_VARIABLE = YES;
				IPHONEOS_DEPLOYMENT_TARGET = 11.0;
				MTL_ENABLE_DEBUG_INFO = YES;
				ONLY_ACTIVE_ARCH = YES;
				SDKROOT = iphoneos;
				SWIFT_ACTIVE_COMPILATION_CONDITIONS = DEBUG;
				SWIFT_OPTIMIZATION_LEVEL = "-Onone";
			};
			name = Debug;
		};
		824DAAA91F886A520089E217 /* Release */ = {
			isa = XCBuildConfiguration;
			buildSettings = {
				ALWAYS_SEARCH_USER_PATHS = NO;
				CLANG_ANALYZER_NONNULL = YES;
				CLANG_ANALYZER_NUMBER_OBJECT_CONVERSION = YES_AGGRESSIVE;
				CLANG_CXX_LANGUAGE_STANDARD = "gnu++14";
				CLANG_CXX_LIBRARY = "libc++";
				CLANG_ENABLE_MODULES = YES;
				CLANG_ENABLE_OBJC_ARC = YES;
				CLANG_WARN_BLOCK_CAPTURE_AUTORELEASING = YES;
				CLANG_WARN_BOOL_CONVERSION = YES;
				CLANG_WARN_COMMA = YES;
				CLANG_WARN_CONSTANT_CONVERSION = YES;
				CLANG_WARN_DIRECT_OBJC_ISA_USAGE = YES_ERROR;
				CLANG_WARN_DOCUMENTATION_COMMENTS = YES;
				CLANG_WARN_EMPTY_BODY = YES;
				CLANG_WARN_ENUM_CONVERSION = YES;
				CLANG_WARN_INFINITE_RECURSION = YES;
				CLANG_WARN_INT_CONVERSION = YES;
				CLANG_WARN_NON_LITERAL_NULL_CONVERSION = YES;
				CLANG_WARN_OBJC_LITERAL_CONVERSION = YES;
				CLANG_WARN_OBJC_ROOT_CLASS = YES_ERROR;
				CLANG_WARN_RANGE_LOOP_ANALYSIS = YES;
				CLANG_WARN_STRICT_PROTOTYPES = YES;
				CLANG_WARN_SUSPICIOUS_MOVE = YES;
				CLANG_WARN_UNGUARDED_AVAILABILITY = YES_AGGRESSIVE;
				CLANG_WARN_UNREACHABLE_CODE = YES;
				CLANG_WARN__DUPLICATE_METHOD_MATCH = YES;
				CODE_SIGN_IDENTITY = "iPhone Developer";
				COPY_PHASE_STRIP = NO;
				DEBUG_INFORMATION_FORMAT = "dwarf-with-dsym";
				ENABLE_NS_ASSERTIONS = NO;
				ENABLE_STRICT_OBJC_MSGSEND = YES;
				GCC_C_LANGUAGE_STANDARD = gnu11;
				GCC_NO_COMMON_BLOCKS = YES;
				GCC_WARN_64_TO_32_BIT_CONVERSION = YES;
				GCC_WARN_ABOUT_RETURN_TYPE = YES_ERROR;
				GCC_WARN_UNDECLARED_SELECTOR = YES;
				GCC_WARN_UNINITIALIZED_AUTOS = YES_AGGRESSIVE;
				GCC_WARN_UNUSED_FUNCTION = YES;
				GCC_WARN_UNUSED_VARIABLE = YES;
				IPHONEOS_DEPLOYMENT_TARGET = 11.0;
				MTL_ENABLE_DEBUG_INFO = NO;
				SDKROOT = iphoneos;
				SWIFT_OPTIMIZATION_LEVEL = "-Owholemodule";
				VALIDATE_PRODUCT = YES;
			};
			name = Release;
		};
		824DAAAB1F886A520089E217 /* Debug */ = {
			isa = XCBuildConfiguration;
			buildSettings = {
				ASSETCATALOG_COMPILER_APPICON_NAME = AppIcon;
				CODE_SIGN_STYLE = Automatic;
				DEVELOPMENT_TEAM = 5U294U2N56;
				INFOPLIST_FILE = UploadPersistanceManager/Info.plist;
				LD_RUNPATH_SEARCH_PATHS = "$(inherited) @executable_path/Frameworks";
				PRODUCT_BUNDLE_IDENTIFIER = MAS.UploadPersistanceManager;
				PRODUCT_NAME = "$(TARGET_NAME)";
				SWIFT_VERSION = 4.0;
				TARGETED_DEVICE_FAMILY = "1,2";
			};
			name = Debug;
		};
		824DAAAC1F886A520089E217 /* Release */ = {
			isa = XCBuildConfiguration;
			buildSettings = {
				ASSETCATALOG_COMPILER_APPICON_NAME = AppIcon;
				CODE_SIGN_STYLE = Automatic;
				DEVELOPMENT_TEAM = 5U294U2N56;
				INFOPLIST_FILE = UploadPersistanceManager/Info.plist;
				LD_RUNPATH_SEARCH_PATHS = "$(inherited) @executable_path/Frameworks";
				PRODUCT_BUNDLE_IDENTIFIER = MAS.UploadPersistanceManager;
				PRODUCT_NAME = "$(TARGET_NAME)";
				SWIFT_VERSION = 4.0;
				TARGETED_DEVICE_FAMILY = "1,2";
			};
			name = Release;
		};
/* End XCBuildConfiguration section */

/* Begin XCConfigurationList section */
		824DAA931F886A520089E217 /* Build configuration list for PBXProject "UploadPersistanceManager" */ = {
			isa = XCConfigurationList;
			buildConfigurations = (
				824DAAA81F886A520089E217 /* Debug */,
				824DAAA91F886A520089E217 /* Release */,
			);
			defaultConfigurationIsVisible = 0;
			defaultConfigurationName = Release;
		};
		824DAAAA1F886A520089E217 /* Build configuration list for PBXNativeTarget "UploadPersistanceManager" */ = {
			isa = XCConfigurationList;
			buildConfigurations = (
				824DAAAB1F886A520089E217 /* Debug */,
				824DAAAC1F886A520089E217 /* Release */,
			);
			defaultConfigurationIsVisible = 0;
			defaultConfigurationName = Release;
		};
/* End XCConfigurationList section */
	};
	rootObject = 824DAA901F886A520089E217 /* Project object */;
}
